
Microsoft Visual Studio Solution File, Format Version 12.00
# Visual Studio Version 17
VisualStudioVersion = 17.2.32526.322
MinimumVisualStudioVersion = 10.0.40219.1
Project("{9A19103F-16F7-4668-BE54-9A1E7A4F7556}") = "PizzaParadise.Blazor", "PizzaParadise\PizzaParadise.Blazor.csproj", "{BE75DCDE-92EB-439C-A657-66DBD360B7DF}"
EndProject
Project("{9A19103F-16F7-4668-BE54-9A1E7A4F7556}") = "PizzaParadise.Entities", "PizzaParadise.Entities\PizzaParadise.Entities.csproj", "{DEB62F49-CA47-47F0-934B-67D739906132}"
EndProject
Project("{9A19103F-16F7-4668-BE54-9A1E7A4F7556}") = "PizzaParadise.Migrations", "PizzaParadise.Migrations\PizzaParadise.Migrations.csproj", "{03742240-0891-42C5-8E78-70000E3B2D43}"
EndProject
Global
	GlobalSection(SolutionConfigurationPlatforms) = preSolution
		Debug|Any CPU = Debug|Any CPU
		Release|Any CPU = Release|Any CPU
	EndGlobalSection
	GlobalSection(ProjectConfigurationPlatforms) = postSolution
		{BE75DCDE-92EB-439C-A657-66DBD360B7DF}.Debug|Any CPU.ActiveCfg = Debug|Any CPU
		{BE75DCDE-92EB-439C-A657-66DBD360B7DF}.Debug|Any CPU.Build.0 = Debug|Any CPU
		{BE75DCDE-92EB-439C-A657-66DBD360B7DF}.Release|Any CPU.ActiveCfg = Release|Any CPU
		{BE75DCDE-92EB-439C-A657-66DBD360B7DF}.Release|Any CPU.Build.0 = Release|Any CPU
		{DEB62F49-CA47-47F0-934B-67D739906132}.Debug|Any CPU.ActiveCfg = Debug|Any CPU
		{DEB62F49-CA47-47F0-934B-67D739906132}.Debug|Any CPU.Build.0 = Debug|Any CPU
		{DEB62F49-CA47-47F0-934B-67D739906132}.Release|Any CPU.ActiveCfg = Release|Any CPU
		{DEB62F49-CA47-47F0-934B-67D739906132}.Release|Any CPU.Build.0 = Release|Any CPU
		{03742240-0891-42C5-8E78-70000E3B2D43}.Debug|Any CPU.ActiveCfg = Debug|Any CPU
		{03742240-0891-42C5-8E78-70000E3B2D43}.Debug|Any CPU.Build.0 = Debug|Any CPU
		{03742240-0891-42C5-8E78-70000E3B2D43}.Release|Any CPU.ActiveCfg = Release|Any CPU
		{03742240-0891-42C5-8E78-70000E3B2D43}.Release|Any CPU.Build.0 = Release|Any CPU
	EndGlobalSection
	GlobalSection(SolutionProperties) = preSolution
		HideSolutionNode = FALSE
	EndGlobalSection
	GlobalSection(ExtensibilityGlobals) = postSolution
		SolutionGuid = {D6E5DCA8-F0D8-44BC-ADB7-57EB83E2C3A2}
	EndGlobalSection
EndGlobal
